# THIS IS AN AUTOGENERATED FILE. DO NOT EDIT THIS FILE DIRECTLY.
# yarn lockfile v1
# bun ./bun.lockb --hash: 4E3858C5D90DCCDC-01ce9833be7da7f2-90B7C609B4F1FAD0-dacc59338d10e528


"@types/geojson@^7946.0.14":
  version "7946.0.14"
  resolved "https://registry.npmjs.org/@types/geojson/-/geojson-7946.0.14.tgz"
  integrity sha512-WCfD5Ht3ZesJUsONdhvm84dmzWOiOzOAqOncN0++w0lBw1o8OuDNJF2McvvCef/yBqb/HYRahp1BYtODFQ8bRg==

"@types/node@^22.5.4":
  version "22.7.9"
  resolved "https://registry.npmjs.org/@types/node/-/node-22.7.9.tgz"
  integrity sha512-jrTfRC7FM6nChvU7X2KqcrgquofrWLFDeYC1hKfwNWomVvrn7JIksqf344WN2X/y8xrgqBd2dJATZV4GbatBfg==
  dependencies:
    undici-types "~6.19.2"

denque@^2.1.0:
  version "2.1.0"
  resolved "https://registry.npmjs.org/denque/-/denque-2.1.0.tgz"
  integrity sha512-HVQE3AAb/pxF8fQAoiqpvg9i3evqug3hoiwakOyZAwJm+6vZehbkYXZ0l4JxS+I3QxM97v5aaRNhj8v5oBhekw==

iconv-lite@^0.6.3:
  version "0.6.3"
  resolved "https://registry.npmjs.org/iconv-lite/-/iconv-lite-0.6.3.tgz"
  integrity sha512-4fCk79wshMdzMp2rH06qWrJE4iolqLhCUH+OiuIgU++RB0+94NlDL81atO7GX55uUKueo0txHNtvEyI6D7WdMw==
  dependencies:
    safer-buffer ">= 2.1.2 < 3.0.0"

lru-cache@^10.3.0:
  version "10.4.3"
  resolved "https://registry.npmjs.org/lru-cache/-/lru-cache-10.4.3.tgz"
  integrity sha512-JNAzZcXrCt42VGLuYz0zfAzDfAvJWW6AfYlDBQyDV5DClI2m5sAmK+OIO7s59XfsRsWHp02jAJrRadPRGTt6SQ==

mariadb@^3.3.2:
  version "3.3.2"
  resolved "https://registry.npmjs.org/mariadb/-/mariadb-3.3.2.tgz"
  integrity sha512-kZvRy00thfFxEksfbDWq+77nB2M520PIZ26LLuHbOvyeZ5XQ3OCY/YsDDu+ifYNHIcs+7UCmjm50GiPdogc24w==
  dependencies:
    "@types/geojson" "^7946.0.14"
    "@types/node" "^22.5.4"
    denque "^2.1.0"
    iconv-lite "^0.6.3"
    lru-cache "^10.3.0"

"safer-buffer@>= 2.1.2 < 3.0.0":
  version "2.1.2"
  resolved "https://registry.npmjs.org/safer-buffer/-/safer-buffer-2.1.2.tgz"
  integrity sha512-YZo3K82SD7Riyi0E1EQPojLz7kpepnSQI9IyPbHHg1XXXevb5dJI7tpyN2ADxGcQbHG7vcyRHk0cbwqcQriUtg==

undici-types@~6.19.2:
  version "6.19.8"
  resolved "https://registry.npmjs.org/undici-types/-/undici-types-6.19.8.tgz"
  integrity sha512-ve2KP6f/JnbPBFyobGHuerC9g1FYGn/F8n1LWTwNxCEzd6IfqTwUQcNXgEtmmQ6DlRrC1hrSrBnCZPokRrDHjw==

"yellow-server-common@https://github.com/libersoft-org/yellow-server-common":
  version "github:libersoft-org/yellow-server-common#e96496d"
  resolved "github:libersoft-org/yellow-server-common#e96496d"
  dependencies:
    mariadb "^3.3.2"
