{
 "name": "yellow-server",
 "lockfileVersion": 2,
 "requires": true,
 "packages": {
  "": {
   "name": "yellow-server",
   "license": "Unlicense",
   "dependencies": {
    "mariadb": "^3.3.2",
    "reconnecting-websocket": "^4.4.0",
    "yellow-server-common": "https://github.com/libersoft-org/yellow-server-common"
   }
  },
  "../../yellow-server-common": {
   "version": "1.0.0",
   "extraneous": true,
   "dependencies": {
    "mariadb": "^3.3.2"
   }
  },
  "node_modules/@types/geojson": {
   "version": "7946.0.14",
   "license": "MIT"
  },
  "node_modules/@types/node": {
   "version": "22.7.9",
   "license": "MIT",
   "dependencies": {
    "undici-types": "~6.19.2"
   }
  },
  "node_modules/denque": {
   "version": "2.1.0",
   "license": "Apache-2.0",
   "engines": {
    "node": ">=0.10"
   }
  },
  "node_modules/iconv-lite": {
   "version": "0.6.3",
   "license": "MIT",
   "dependencies": {
    "safer-buffer": ">= 2.1.2 < 3.0.0"
   },
   "engines": {
    "node": ">=0.10.0"
   }
  },
  "node_modules/lru-cache": {
   "version": "10.4.3",
   "license": "ISC"
  },
  "node_modules/mariadb": {
   "version": "3.3.2",
   "license": "LGPL-2.1-or-later",
   "dependencies": {
    "@types/geojson": "^7946.0.14",
    "@types/node": "^22.5.4",
    "denque": "^2.1.0",
    "iconv-lite": "^0.6.3",
    "lru-cache": "^10.3.0"
   },
   "engines": {
    "node": ">= 14"
   }
  },
  "node_modules/reconnecting-websocket": {
   "version": "4.4.0",
   "resolved": "https://registry.npmjs.org/reconnecting-websocket/-/reconnecting-websocket-4.4.0.tgz",
   "integrity": "sha512-D2E33ceRPga0NvTDhJmphEgJ7FUYF0v4lr1ki0csq06OdlxKfugGzN0dSkxM/NfqCxYELK4KcaTOUOjTV6Dcng=="
  },
  "node_modules/safer-buffer": {
   "version": "2.1.2",
   "license": "MIT"
  },
  "node_modules/undici-types": {
   "version": "6.19.8",
   "license": "MIT"
  },
  "node_modules/yellow-server-common": {
   "version": "1.0.0",
   "resolved": "git+ssh://git@github.com/libersoft-org/yellow-server-common.git#e96496dee229185a49f8609505cb9e0e8f1701d2",
   "dependencies": {
    "mariadb": "^3.3.2"
   }
  }
 },
 "dependencies": {
  "@types/geojson": {
   "version": "7946.0.14"
  },
  "@types/node": {
   "version": "22.7.9",
   "requires": {
    "undici-types": "~6.19.2"
   }
  },
  "denque": {
   "version": "2.1.0"
  },
  "iconv-lite": {
   "version": "0.6.3",
   "requires": {
    "safer-buffer": ">= 2.1.2 < 3.0.0"
   }
  },
  "lru-cache": {
   "version": "10.4.3"
  },
  "mariadb": {
   "version": "3.3.2",
   "requires": {
    "@types/geojson": "^7946.0.14",
    "@types/node": "^22.5.4",
    "denque": "^2.1.0",
    "iconv-lite": "^0.6.3",
    "lru-cache": "^10.3.0"
   }
  },
  "reconnecting-websocket": {
   "version": "4.4.0",
   "resolved": "https://registry.npmjs.org/reconnecting-websocket/-/reconnecting-websocket-4.4.0.tgz",
   "integrity": "sha512-D2E33ceRPga0NvTDhJmphEgJ7FUYF0v4lr1ki0csq06OdlxKfugGzN0dSkxM/NfqCxYELK4KcaTOUOjTV6Dcng=="
  },
  "safer-buffer": {
   "version": "2.1.2"
  },
  "undici-types": {
   "version": "6.19.8"
  },
  "yellow-server-common": {
   "version": "git+ssh://git@github.com/libersoft-org/yellow-server-common.git#e96496dee229185a49f8609505cb9e0e8f1701d2",
   "from": "yellow-server-common@https://github.com/libersoft-org/yellow-server-common",
   "requires": {
    "mariadb": "^3.3.2"
   }
  }
 }
}
