{
 "name": "yellow-server",
 "lockfileVersion": 2,
 "requires": true,
 "packages": {
  "": {
   "name": "yellow-server",
   "license": "Unlicense",
   "dependencies": {
    "mariadb": "2",
    "pino": "^9.5.0",
    "yellow-server-common": "https://github.com/libersoft-org/yellow-server-common"
   }
  },
  "../../yellow-server-common": {
   "version": "1.0.0",
   "extraneous": true,
   "dependencies": {
    "mariadb": "^3.3.2"
   }
  },
  "node_modules/@types/geojson": {
   "version": "7946.0.14",
   "license": "MIT"
  },
  "node_modules/@types/node": {
   "version": "17.0.45",
   "resolved": "https://registry.npmjs.org/@types/node/-/node-17.0.45.tgz",
   "integrity": "sha512-w+tIMs3rq2afQdsPJlODhoUEKzFP1ayaoyl1CcnwtIlsVe7K7bA1NGm4s3PraqTLlXnbIN84zuBlxBWo1u9BLw=="
  },
  "node_modules/atomic-sleep": {
   "version": "1.0.0",
   "resolved": "https://registry.npmjs.org/atomic-sleep/-/atomic-sleep-1.0.0.tgz",
   "integrity": "sha512-kNOjDqAh7px0XWNI+4QbzoiR/nTkHAWNud2uvnJquD1/x5a7EQZMJT0AczqK0Qn67oY/TTQ1LbUKajZpp3I9tQ==",
   "engines": {
    "node": ">=8.0.0"
   }
  },
  "node_modules/denque": {
   "version": "2.1.0",
   "license": "Apache-2.0",
   "engines": {
    "node": ">=0.10"
   }
  },
  "node_modules/fast-redact": {
   "version": "3.5.0",
   "resolved": "https://registry.npmjs.org/fast-redact/-/fast-redact-3.5.0.tgz",
   "integrity": "sha512-dwsoQlS7h9hMeYUq1W++23NDcBLV4KqONnITDV9DjfS3q1SgDGVrBdvvTLUotWtPSD7asWDV9/CmsZPy8Hf70A==",
   "engines": {
    "node": ">=6"
   }
  },
  "node_modules/iconv-lite": {
   "version": "0.6.3",
   "license": "MIT",
   "dependencies": {
    "safer-buffer": ">= 2.1.2 < 3.0.0"
   },
   "engines": {
    "node": ">=0.10.0"
   }
  },
  "node_modules/long": {
   "version": "5.2.3",
   "resolved": "https://registry.npmjs.org/long/-/long-5.2.3.tgz",
   "integrity": "sha512-lcHwpNoggQTObv5apGNCTdJrO69eHOZMi4BNC+rTLER8iHAqGrUVeLh/irVIM7zTw2bOXA8T6uNPeujwOLg/2Q=="
  },
  "node_modules/lru-cache": {
   "version": "10.4.3",
   "resolved": "https://registry.npmjs.org/lru-cache/-/lru-cache-10.4.3.tgz",
   "integrity": "sha512-JNAzZcXrCt42VGLuYz0zfAzDfAvJWW6AfYlDBQyDV5DClI2m5sAmK+OIO7s59XfsRsWHp02jAJrRadPRGTt6SQ=="
  },
  "node_modules/mariadb": {
   "version": "2.5.6",
   "resolved": "https://registry.npmjs.org/mariadb/-/mariadb-2.5.6.tgz",
   "integrity": "sha512-zBx7loYY5GzLl8Y6AKxGXfY9DUYIIdGrmEORPOK9FEu0pg5ZLBKCGJuucHwKADxTBxKY7eM4rxndqxRcnMZKIw==",
   "dependencies": {
    "@types/geojson": "^7946.0.8",
    "@types/node": "^17.0.10",
    "denque": "^2.0.1",
    "iconv-lite": "^0.6.3",
    "long": "^5.2.0",
    "moment-timezone": "^0.5.34",
    "please-upgrade-node": "^3.2.0"
   },
   "engines": {
    "node": ">= 10.13"
   }
  },
  "node_modules/moment": {
   "version": "2.30.1",
   "resolved": "https://registry.npmjs.org/moment/-/moment-2.30.1.tgz",
   "integrity": "sha512-uEmtNhbDOrWPFS+hdjFCBfy9f2YoyzRpwcl+DqpC6taX21FzsTLQVbMV/W7PzNSX6x/bhC1zA3c2UQ5NzH6how==",
   "engines": {
    "node": "*"
   }
  },
  "node_modules/moment-timezone": {
   "version": "0.5.46",
   "resolved": "https://registry.npmjs.org/moment-timezone/-/moment-timezone-0.5.46.tgz",
   "integrity": "sha512-ZXm9b36esbe7OmdABqIWJuBBiLLwAjrN7CE+7sYdCCx82Nabt1wHDj8TVseS59QIlfFPbOoiBPm6ca9BioG4hw==",
   "dependencies": {
    "moment": "^2.29.4"
   },
   "engines": {
    "node": "*"
   }
  },
  "node_modules/on-exit-leak-free": {
   "version": "2.1.2",
   "resolved": "https://registry.npmjs.org/on-exit-leak-free/-/on-exit-leak-free-2.1.2.tgz",
   "integrity": "sha512-0eJJY6hXLGf1udHwfNftBqH+g73EU4B504nZeKpz1sYRKafAghwxEJunB2O7rDZkL4PGfsMVnTXZ2EjibbqcsA==",
   "engines": {
    "node": ">=14.0.0"
   }
  },
  "node_modules/pino": {
   "version": "9.5.0",
   "resolved": "https://registry.npmjs.org/pino/-/pino-9.5.0.tgz",
   "integrity": "sha512-xSEmD4pLnV54t0NOUN16yCl7RIB1c5UUOse5HSyEXtBp+FgFQyPeDutc+Q2ZO7/22vImV7VfEjH/1zV2QuqvYw==",
   "dependencies": {
    "atomic-sleep": "^1.0.0",
    "fast-redact": "^3.1.1",
    "on-exit-leak-free": "^2.1.0",
    "pino-abstract-transport": "^2.0.0",
    "pino-std-serializers": "^7.0.0",
    "process-warning": "^4.0.0",
    "quick-format-unescaped": "^4.0.3",
    "real-require": "^0.2.0",
    "safe-stable-stringify": "^2.3.1",
    "sonic-boom": "^4.0.1",
    "thread-stream": "^3.0.0"
   },
   "bin": {
    "pino": "bin.js"
   }
  },
  "node_modules/pino-abstract-transport": {
   "version": "2.0.0",
   "resolved": "https://registry.npmjs.org/pino-abstract-transport/-/pino-abstract-transport-2.0.0.tgz",
   "integrity": "sha512-F63x5tizV6WCh4R6RHyi2Ml+M70DNRXt/+HANowMflpgGFMAym/VKm6G7ZOQRjqN7XbGxK1Lg9t6ZrtzOaivMw==",
   "dependencies": {
    "split2": "^4.0.0"
   }
  },
  "node_modules/pino-std-serializers": {
   "version": "7.0.0",
   "resolved": "https://registry.npmjs.org/pino-std-serializers/-/pino-std-serializers-7.0.0.tgz",
   "integrity": "sha512-e906FRY0+tV27iq4juKzSYPbUj2do2X2JX4EzSca1631EB2QJQUqGbDuERal7LCtOpxl6x3+nvo9NPZcmjkiFA=="
  },
  "node_modules/please-upgrade-node": {
   "version": "3.2.0",
   "resolved": "https://registry.npmjs.org/please-upgrade-node/-/please-upgrade-node-3.2.0.tgz",
   "integrity": "sha512-gQR3WpIgNIKwBMVLkpMUeR3e1/E1y42bqDQZfql+kDeXd8COYfM8PQA4X6y7a8u9Ua9FHmsrrmirW2vHs45hWg==",
   "dependencies": {
    "semver-compare": "^1.0.0"
   }
  },
  "node_modules/process-warning": {
   "version": "4.0.0",
   "resolved": "https://registry.npmjs.org/process-warning/-/process-warning-4.0.0.tgz",
   "integrity": "sha512-/MyYDxttz7DfGMMHiysAsFE4qF+pQYAA8ziO/3NcRVrQ5fSk+Mns4QZA/oRPFzvcqNoVJXQNWNAsdwBXLUkQKw=="
  },
  "node_modules/quick-format-unescaped": {
   "version": "4.0.4",
   "resolved": "https://registry.npmjs.org/quick-format-unescaped/-/quick-format-unescaped-4.0.4.tgz",
   "integrity": "sha512-tYC1Q1hgyRuHgloV/YXs2w15unPVh8qfu/qCTfhTYamaw7fyhumKa2yGpdSo87vY32rIclj+4fWYQXUMs9EHvg=="
  },
  "node_modules/real-require": {
   "version": "0.2.0",
   "resolved": "https://registry.npmjs.org/real-require/-/real-require-0.2.0.tgz",
   "integrity": "sha512-57frrGM/OCTLqLOAh0mhVA9VBMHd+9U7Zb2THMGdBUoZVOtGbJzjxsYGDJ3A9AYYCP4hn6y1TVbaOfzWtm5GFg==",
   "engines": {
    "node": ">= 12.13.0"
   }
  },
  "node_modules/safe-stable-stringify": {
   "version": "2.5.0",
   "resolved": "https://registry.npmjs.org/safe-stable-stringify/-/safe-stable-stringify-2.5.0.tgz",
   "integrity": "sha512-b3rppTKm9T+PsVCBEOUR46GWI7fdOs00VKZ1+9c1EWDaDMvjQc6tUwuFyIprgGgTcWoVHSKrU8H31ZHA2e0RHA==",
   "engines": {
    "node": ">=10"
   }
  },
  "node_modules/safer-buffer": {
   "version": "2.1.2",
   "license": "MIT"
  },
  "node_modules/semver-compare": {
   "version": "1.0.0",
   "resolved": "https://registry.npmjs.org/semver-compare/-/semver-compare-1.0.0.tgz",
   "integrity": "sha512-YM3/ITh2MJ5MtzaM429anh+x2jiLVjqILF4m4oyQB18W7Ggea7BfqdH/wGMK7dDiMghv/6WG7znWMwUDzJiXow=="
  },
  "node_modules/sonic-boom": {
   "version": "4.2.0",
   "resolved": "https://registry.npmjs.org/sonic-boom/-/sonic-boom-4.2.0.tgz",
   "integrity": "sha512-INb7TM37/mAcsGmc9hyyI6+QR3rR1zVRu36B0NeGXKnOOLiZOfER5SA+N7X7k3yUYRzLWafduTDvJAfDswwEww==",
   "dependencies": {
    "atomic-sleep": "^1.0.0"
   }
  },
  "node_modules/split2": {
   "version": "4.2.0",
   "resolved": "https://registry.npmjs.org/split2/-/split2-4.2.0.tgz",
   "integrity": "sha512-UcjcJOWknrNkF6PLX83qcHM6KHgVKNkV62Y8a5uYDVv9ydGQVwAHMKqHdJje1VTWpljG0WYpCDhrCdAOYH4TWg==",
   "engines": {
    "node": ">= 10.x"
   }
  },
  "node_modules/thread-stream": {
   "version": "3.1.0",
   "resolved": "https://registry.npmjs.org/thread-stream/-/thread-stream-3.1.0.tgz",
   "integrity": "sha512-OqyPZ9u96VohAyMfJykzmivOrY2wfMSf3C5TtFJVgN+Hm6aj+voFhlK+kZEIv2FBh1X6Xp3DlnCOfEQ3B2J86A==",
   "dependencies": {
    "real-require": "^0.2.0"
   }
  },
  "node_modules/undici-types": {
   "version": "6.20.0",
   "resolved": "https://registry.npmjs.org/undici-types/-/undici-types-6.20.0.tgz",
   "integrity": "sha512-Ny6QZ2Nju20vw1SRHe3d9jVu6gJ+4e3+MMpqu7pqE5HT6WsTSlce++GQmK5UXS8mzV8DSYHrQH+Xrf2jVcuKNg=="
  },
  "node_modules/yellow-server-common": {
   "version": "1.0.0",
   "resolved": "git+ssh://git@github.com/libersoft-org/yellow-server-common.git#e96496dee229185a49f8609505cb9e0e8f1701d2",
   "dependencies": {
    "mariadb": "^3.3.2"
   }
  },
  "node_modules/yellow-server-common/node_modules/@types/node": {
   "version": "22.10.0",
   "resolved": "https://registry.npmjs.org/@types/node/-/node-22.10.0.tgz",
   "integrity": "sha512-XC70cRZVElFHfIUB40FgZOBbgJYFKKMa5nb9lxcwYstFG/Mi+/Y0bGS+rs6Dmhmkpq4pnNiLiuZAbc02YCOnmA==",
   "dependencies": {
    "undici-types": "~6.20.0"
   }
  },
  "node_modules/yellow-server-common/node_modules/mariadb": {
   "version": "3.4.0",
   "resolved": "https://registry.npmjs.org/mariadb/-/mariadb-3.4.0.tgz",
   "integrity": "sha512-hdRPcAzs+MTxK5VG1thBW18gGTlw6yWBe9YnLB65GLo7q0fO5DWsgomIevV/pXSaWRmD3qi6ka4oSFRTExRiEQ==",
   "dependencies": {
    "@types/geojson": "^7946.0.14",
    "@types/node": "^22.5.4",
    "denque": "^2.1.0",
    "iconv-lite": "^0.6.3",
    "lru-cache": "^10.3.0"
   },
   "engines": {
    "node": ">= 14"
   }
  }
 },
 "dependencies": {
  "@types/geojson": {
   "version": "7946.0.14"
  },
  "@types/node": {
   "version": "17.0.45",
   "resolved": "https://registry.npmjs.org/@types/node/-/node-17.0.45.tgz",
   "integrity": "sha512-w+tIMs3rq2afQdsPJlODhoUEKzFP1ayaoyl1CcnwtIlsVe7K7bA1NGm4s3PraqTLlXnbIN84zuBlxBWo1u9BLw=="
  },
  "atomic-sleep": {
   "version": "1.0.0",
   "resolved": "https://registry.npmjs.org/atomic-sleep/-/atomic-sleep-1.0.0.tgz",
   "integrity": "sha512-kNOjDqAh7px0XWNI+4QbzoiR/nTkHAWNud2uvnJquD1/x5a7EQZMJT0AczqK0Qn67oY/TTQ1LbUKajZpp3I9tQ=="
  },
  "denque": {
   "version": "2.1.0"
  },
  "fast-redact": {
   "version": "3.5.0",
   "resolved": "https://registry.npmjs.org/fast-redact/-/fast-redact-3.5.0.tgz",
   "integrity": "sha512-dwsoQlS7h9hMeYUq1W++23NDcBLV4KqONnITDV9DjfS3q1SgDGVrBdvvTLUotWtPSD7asWDV9/CmsZPy8Hf70A=="
  },
  "iconv-lite": {
   "version": "0.6.3",
   "requires": {
    "safer-buffer": ">= 2.1.2 < 3.0.0"
   }
  },
  "long": {
   "version": "5.2.3",
   "resolved": "https://registry.npmjs.org/long/-/long-5.2.3.tgz",
   "integrity": "sha512-lcHwpNoggQTObv5apGNCTdJrO69eHOZMi4BNC+rTLER8iHAqGrUVeLh/irVIM7zTw2bOXA8T6uNPeujwOLg/2Q=="
  },
  "lru-cache": {
   "version": "10.4.3",
   "resolved": "https://registry.npmjs.org/lru-cache/-/lru-cache-10.4.3.tgz",
   "integrity": "sha512-JNAzZcXrCt42VGLuYz0zfAzDfAvJWW6AfYlDBQyDV5DClI2m5sAmK+OIO7s59XfsRsWHp02jAJrRadPRGTt6SQ=="
  },
  "mariadb": {
   "version": "2.5.6",
   "resolved": "https://registry.npmjs.org/mariadb/-/mariadb-2.5.6.tgz",
   "integrity": "sha512-zBx7loYY5GzLl8Y6AKxGXfY9DUYIIdGrmEORPOK9FEu0pg5ZLBKCGJuucHwKADxTBxKY7eM4rxndqxRcnMZKIw==",
   "requires": {
    "@types/geojson": "^7946.0.8",
    "@types/node": "^17.0.10",
    "denque": "^2.0.1",
    "iconv-lite": "^0.6.3",
    "long": "^5.2.0",
    "moment-timezone": "^0.5.34",
    "please-upgrade-node": "^3.2.0"
   }
  },
  "moment": {
   "version": "2.30.1",
   "resolved": "https://registry.npmjs.org/moment/-/moment-2.30.1.tgz",
   "integrity": "sha512-uEmtNhbDOrWPFS+hdjFCBfy9f2YoyzRpwcl+DqpC6taX21FzsTLQVbMV/W7PzNSX6x/bhC1zA3c2UQ5NzH6how=="
  },
  "moment-timezone": {
   "version": "0.5.46",
   "resolved": "https://registry.npmjs.org/moment-timezone/-/moment-timezone-0.5.46.tgz",
   "integrity": "sha512-ZXm9b36esbe7OmdABqIWJuBBiLLwAjrN7CE+7sYdCCx82Nabt1wHDj8TVseS59QIlfFPbOoiBPm6ca9BioG4hw==",
   "requires": {
    "moment": "^2.29.4"
   }
  },
  "on-exit-leak-free": {
   "version": "2.1.2",
   "resolved": "https://registry.npmjs.org/on-exit-leak-free/-/on-exit-leak-free-2.1.2.tgz",
   "integrity": "sha512-0eJJY6hXLGf1udHwfNftBqH+g73EU4B504nZeKpz1sYRKafAghwxEJunB2O7rDZkL4PGfsMVnTXZ2EjibbqcsA=="
  },
  "pino": {
   "version": "9.5.0",
   "resolved": "https://registry.npmjs.org/pino/-/pino-9.5.0.tgz",
   "integrity": "sha512-xSEmD4pLnV54t0NOUN16yCl7RIB1c5UUOse5HSyEXtBp+FgFQyPeDutc+Q2ZO7/22vImV7VfEjH/1zV2QuqvYw==",
   "requires": {
    "atomic-sleep": "^1.0.0",
    "fast-redact": "^3.1.1",
    "on-exit-leak-free": "^2.1.0",
    "pino-abstract-transport": "^2.0.0",
    "pino-std-serializers": "^7.0.0",
    "process-warning": "^4.0.0",
    "quick-format-unescaped": "^4.0.3",
    "real-require": "^0.2.0",
    "safe-stable-stringify": "^2.3.1",
    "sonic-boom": "^4.0.1",
    "thread-stream": "^3.0.0"
   }
  },
  "pino-abstract-transport": {
   "version": "2.0.0",
   "resolved": "https://registry.npmjs.org/pino-abstract-transport/-/pino-abstract-transport-2.0.0.tgz",
   "integrity": "sha512-F63x5tizV6WCh4R6RHyi2Ml+M70DNRXt/+HANowMflpgGFMAym/VKm6G7ZOQRjqN7XbGxK1Lg9t6ZrtzOaivMw==",
   "requires": {
    "split2": "^4.0.0"
   }
  },
  "pino-std-serializers": {
   "version": "7.0.0",
   "resolved": "https://registry.npmjs.org/pino-std-serializers/-/pino-std-serializers-7.0.0.tgz",
   "integrity": "sha512-e906FRY0+tV27iq4juKzSYPbUj2do2X2JX4EzSca1631EB2QJQUqGbDuERal7LCtOpxl6x3+nvo9NPZcmjkiFA=="
  },
  "please-upgrade-node": {
   "version": "3.2.0",
   "resolved": "https://registry.npmjs.org/please-upgrade-node/-/please-upgrade-node-3.2.0.tgz",
   "integrity": "sha512-gQR3WpIgNIKwBMVLkpMUeR3e1/E1y42bqDQZfql+kDeXd8COYfM8PQA4X6y7a8u9Ua9FHmsrrmirW2vHs45hWg==",
   "requires": {
    "semver-compare": "^1.0.0"
   }
  },
  "process-warning": {
   "version": "4.0.0",
   "resolved": "https://registry.npmjs.org/process-warning/-/process-warning-4.0.0.tgz",
   "integrity": "sha512-/MyYDxttz7DfGMMHiysAsFE4qF+pQYAA8ziO/3NcRVrQ5fSk+Mns4QZA/oRPFzvcqNoVJXQNWNAsdwBXLUkQKw=="
  },
  "quick-format-unescaped": {
   "version": "4.0.4",
   "resolved": "https://registry.npmjs.org/quick-format-unescaped/-/quick-format-unescaped-4.0.4.tgz",
   "integrity": "sha512-tYC1Q1hgyRuHgloV/YXs2w15unPVh8qfu/qCTfhTYamaw7fyhumKa2yGpdSo87vY32rIclj+4fWYQXUMs9EHvg=="
  },
  "real-require": {
   "version": "0.2.0",
   "resolved": "https://registry.npmjs.org/real-require/-/real-require-0.2.0.tgz",
   "integrity": "sha512-57frrGM/OCTLqLOAh0mhVA9VBMHd+9U7Zb2THMGdBUoZVOtGbJzjxsYGDJ3A9AYYCP4hn6y1TVbaOfzWtm5GFg=="
  },
  "safe-stable-stringify": {
   "version": "2.5.0",
   "resolved": "https://registry.npmjs.org/safe-stable-stringify/-/safe-stable-stringify-2.5.0.tgz",
   "integrity": "sha512-b3rppTKm9T+PsVCBEOUR46GWI7fdOs00VKZ1+9c1EWDaDMvjQc6tUwuFyIprgGgTcWoVHSKrU8H31ZHA2e0RHA=="
  },
  "safer-buffer": {
   "version": "2.1.2"
  },
  "semver-compare": {
   "version": "1.0.0",
   "resolved": "https://registry.npmjs.org/semver-compare/-/semver-compare-1.0.0.tgz",
   "integrity": "sha512-YM3/ITh2MJ5MtzaM429anh+x2jiLVjqILF4m4oyQB18W7Ggea7BfqdH/wGMK7dDiMghv/6WG7znWMwUDzJiXow=="
  },
  "sonic-boom": {
   "version": "4.2.0",
   "resolved": "https://registry.npmjs.org/sonic-boom/-/sonic-boom-4.2.0.tgz",
   "integrity": "sha512-INb7TM37/mAcsGmc9hyyI6+QR3rR1zVRu36B0NeGXKnOOLiZOfER5SA+N7X7k3yUYRzLWafduTDvJAfDswwEww==",
   "requires": {
    "atomic-sleep": "^1.0.0"
   }
  },
  "split2": {
   "version": "4.2.0",
   "resolved": "https://registry.npmjs.org/split2/-/split2-4.2.0.tgz",
   "integrity": "sha512-UcjcJOWknrNkF6PLX83qcHM6KHgVKNkV62Y8a5uYDVv9ydGQVwAHMKqHdJje1VTWpljG0WYpCDhrCdAOYH4TWg=="
  },
  "thread-stream": {
   "version": "3.1.0",
   "resolved": "https://registry.npmjs.org/thread-stream/-/thread-stream-3.1.0.tgz",
   "integrity": "sha512-OqyPZ9u96VohAyMfJykzmivOrY2wfMSf3C5TtFJVgN+Hm6aj+voFhlK+kZEIv2FBh1X6Xp3DlnCOfEQ3B2J86A==",
   "requires": {
    "real-require": "^0.2.0"
   }
  },
  "undici-types": {
   "version": "6.20.0",
   "resolved": "https://registry.npmjs.org/undici-types/-/undici-types-6.20.0.tgz",
   "integrity": "sha512-Ny6QZ2Nju20vw1SRHe3d9jVu6gJ+4e3+MMpqu7pqE5HT6WsTSlce++GQmK5UXS8mzV8DSYHrQH+Xrf2jVcuKNg=="
  },
  "yellow-server-common": {
   "version": "git+ssh://git@github.com/libersoft-org/yellow-server-common.git#e96496dee229185a49f8609505cb9e0e8f1701d2",
   "from": "yellow-server-common@https://github.com/libersoft-org/yellow-server-common",
   "requires": {
    "mariadb": "^3.3.2"
   },
   "dependencies": {
    "@types/node": {
     "version": "22.10.0",
     "resolved": "https://registry.npmjs.org/@types/node/-/node-22.10.0.tgz",
     "integrity": "sha512-XC70cRZVElFHfIUB40FgZOBbgJYFKKMa5nb9lxcwYstFG/Mi+/Y0bGS+rs6Dmhmkpq4pnNiLiuZAbc02YCOnmA==",
     "requires": {
      "undici-types": "~6.20.0"
     }
    },
    "mariadb": {
     "version": "3.4.0",
     "resolved": "https://registry.npmjs.org/mariadb/-/mariadb-3.4.0.tgz",
     "integrity": "sha512-hdRPcAzs+MTxK5VG1thBW18gGTlw6yWBe9YnLB65GLo7q0fO5DWsgomIevV/pXSaWRmD3qi6ka4oSFRTExRiEQ==",
     "requires": {
      "@types/geojson": "^7946.0.14",
      "@types/node": "^22.5.4",
      "denque": "^2.1.0",
      "iconv-lite": "^0.6.3",
      "lru-cache": "^10.3.0"
     }
    }
   }
  }
 }
}
